
Microsoft Visual Studio Solution File, Format Version 11.00
# Visual Studio 2010
Project("{FAE04EC0-301F-11D3-BF4B-00C04F79EFBC}") = "PhotonUnityNetworking.Utilities", "PhotonUnityNetworking.Utilities.csproj", "{340940f7-ec35-3b9b-b322-ca6864f6fb9d}"
EndProject
Project("{FAE04EC0-301F-11D3-BF4B-00C04F79EFBC}") = "Assembly-CSharp", "Assembly-CSharp.csproj", "{b4dbcd36-072a-0adb-70f8-cbaf9c35c18f}"
EndProject
Project("{FAE04EC0-301F-11D3-BF4B-00C04F79EFBC}") = "PhotonUnityNetworking.Demos", "PhotonUnityNetworking.Demos.csproj", "{6eac35f5-6a46-2610-92b1-9095b7f48d15}"
EndProject
Project("{FAE04EC0-301F-11D3-BF4B-00C04F79EFBC}") = "PhotonUnityNetworking", "PhotonUnityNetworking.csproj", "{6a023f2d-f96f-6fc0-75fa-773c7c8704df}"
EndProject
Project("{FAE04EC0-301F-11D3-BF4B-00C04F79EFBC}") = "PhotonChat", "PhotonChat.csproj", "{e7d310bb-1922-915b-dbb1-dc829826426f}"
EndProject
Project("{FAE04EC0-301F-11D3-BF4B-00C04F79EFBC}") = "PhotonRealtime", "PhotonRealtime.csproj", "{53dce0e4-de6b-74ae-30e0-d7f17d95e464}"
EndProject
Project("{FAE04EC0-301F-11D3-BF4B-00C04F79EFBC}") = "PhotonUnityNetworking.Editor", "PhotonUnityNetworking.Editor.csproj", "{49ef53cb-f87e-9fc9-cae7-be386122dca7}"
EndProject
Project("{FAE04EC0-301F-11D3-BF4B-00C04F79EFBC}") = "PhotonUnityNetworking.Utilities.PhotonPlayer.Editor", "PhotonUnityNetworking.Utilities.PhotonPlayer.Editor.csproj", "{e3822afa-1707-aa16-0389-af354bb21aa6}"
EndProject
Project("{FAE04EC0-301F-11D3-BF4B-00C04F79EFBC}") = "PunDemos.DemoSlotcarEditor", "PunDemos.DemoSlotcarEditor.csproj", "{166af11b-6c89-318f-bc78-02ae3431d438}"
EndProject
Project("{FAE04EC0-301F-11D3-BF4B-00C04F79EFBC}") = "PhotonUnityNetworking.Utilities.Culling.Editor", "PhotonUnityNetworking.Utilities.Culling.Editor.csproj", "{cde45d23-efca-421f-0039-be93b6b9346c}"
EndProject
Project("{FAE04EC0-301F-11D3-BF4B-00C04F79EFBC}") = "PunDemos.DemoHubEditor", "PunDemos.DemoHubEditor.csproj", "{39720237-127f-0c78-7740-3fc1d00e1b5c}"
EndProject
Global
	GlobalSection(SolutionConfigurationPlatforms) = preSolution
		Debug|Any CPU = Debug|Any CPU
	EndGlobalSection
	GlobalSection(ProjectConfigurationPlatforms) = postSolution
		{340940f7-ec35-3b9b-b322-ca6864f6fb9d}.Debug|Any CPU.ActiveCfg = Debug|Any CPU
		{340940f7-ec35-3b9b-b322-ca6864f6fb9d}.Debug|Any CPU.Build.0 = Debug|Any CPU
		{b4dbcd36-072a-0adb-70f8-cbaf9c35c18f}.Debug|Any CPU.ActiveCfg = Debug|Any CPU
		{b4dbcd36-072a-0adb-70f8-cbaf9c35c18f}.Debug|Any CPU.Build.0 = Debug|Any CPU
		{6eac35f5-6a46-2610-92b1-9095b7f48d15}.Debug|Any CPU.ActiveCfg = Debug|Any CPU
		{6eac35f5-6a46-2610-92b1-9095b7f48d15}.Debug|Any CPU.Build.0 = Debug|Any CPU
		{6a023f2d-f96f-6fc0-75fa-773c7c8704df}.Debug|Any CPU.ActiveCfg = Debug|Any CPU
		{6a023f2d-f96f-6fc0-75fa-773c7c8704df}.Debug|Any CPU.Build.0 = Debug|Any CPU
		{e7d310bb-1922-915b-dbb1-dc829826426f}.Debug|Any CPU.ActiveCfg = Debug|Any CPU
		{e7d310bb-1922-915b-dbb1-dc829826426f}.Debug|Any CPU.Build.0 = Debug|Any CPU
		{53dce0e4-de6b-74ae-30e0-d7f17d95e464}.Debug|Any CPU.ActiveCfg = Debug|Any CPU
		{53dce0e4-de6b-74ae-30e0-d7f17d95e464}.Debug|Any CPU.Build.0 = Debug|Any CPU
		{49ef53cb-f87e-9fc9-cae7-be386122dca7}.Debug|Any CPU.ActiveCfg = Debug|Any CPU
		{49ef53cb-f87e-9fc9-cae7-be386122dca7}.Debug|Any CPU.Build.0 = Debug|Any CPU
		{e3822afa-1707-aa16-0389-af354bb21aa6}.Debug|Any CPU.ActiveCfg = Debug|Any CPU
		{e3822afa-1707-aa16-0389-af354bb21aa6}.Debug|Any CPU.Build.0 = Debug|Any CPU
		{166af11b-6c89-318f-bc78-02ae3431d438}.Debug|Any CPU.ActiveCfg = Debug|Any CPU
		{166af11b-6c89-318f-bc78-02ae3431d438}.Debug|Any CPU.Build.0 = Debug|Any CPU
		{cde45d23-efca-421f-0039-be93b6b9346c}.Debug|Any CPU.ActiveCfg = Debug|Any CPU
		{cde45d23-efca-421f-0039-be93b6b9346c}.Debug|Any CPU.Build.0 = Debug|Any CPU
		{39720237-127f-0c78-7740-3fc1d00e1b5c}.Debug|Any CPU.ActiveCfg = Debug|Any CPU
		{39720237-127f-0c78-7740-3fc1d00e1b5c}.Debug|Any CPU.Build.0 = Debug|Any CPU
	EndGlobalSection
	GlobalSection(SolutionProperties) = preSolution
		HideSolutionNode = FALSE
	EndGlobalSection
EndGlobal
